
Microsoft Visual Studio Solution File, Format Version 12.00
# Visual Studio Version 17
VisualStudioVersion = 17.11.35222.181
MinimumVisualStudioVersion = 10.0.40219.1
Project("{FAE04EC0-301F-11D3-BF4B-00C04F79EFBC}") = "Sistema Academico AS", "Sistema Academico AS.csproj", "{35C6CC21-22CE-47B0-9612-C4187DF23212}"
EndProject
Global
	GlobalSection(SolutionConfigurationPlatforms) = preSolution
		Debug|Any CPU = Debug|Any CPU
		Release|Any CPU = Release|Any CPU
	EndGlobalSection
	GlobalSection(ProjectConfigurationPlatforms) = postSolution
		{35C6CC21-22CE-47B0-9612-C4187DF23212}.Debug|Any CPU.ActiveCfg = Debug|Any CPU
		{35C6CC21-22CE-47B0-9612-C4187DF23212}.Debug|Any CPU.Build.0 = Debug|Any CPU
		{35C6CC21-22CE-47B0-9612-C4187DF23212}.Release|Any CPU.ActiveCfg = Release|Any CPU
		{35C6CC21-22CE-47B0-9612-C4187DF23212}.Release|Any CPU.Build.0 = Release|Any CPU
	EndGlobalSection
	GlobalSection(SolutionProperties) = preSolution
		HideSolutionNode = FALSE
	EndGlobalSection
	GlobalSection(ExtensibilityGlobals) = postSolution
		SolutionGuid = {99E42155-2A4B-4DF9-8567-7545DDFA778A}
	EndGlobalSection
EndGlobal
